
Microsoft Visual Studio Solution File, Format Version 12.00
# Visual Studio Version 17
VisualStudioVersion = 17.0.32112.339
MinimumVisualStudioVersion = 10.0.40219.1
Project("{FAE04EC0-301F-11D3-BF4B-00C04F79EFBC}") = "BOG.ShowMeTheFolders1", "BOG.ShowMeTheFolders.csproj", "{BBBE17E2-5C21-492E-9787-A8C7511BE8FE}"
EndProject
Global
	GlobalSection(SolutionConfigurationPlatforms) = preSolution
		Debug|Any CPU = Debug|Any CPU
		Release|Any CPU = Release|Any CPU
	EndGlobalSection
	GlobalSection(ProjectConfigurationPlatforms) = postSolution
		{BBBE17E2-5C21-492E-9787-A8C7511BE8FE}.Debug|Any CPU.ActiveCfg = Debug|Any CPU
		{BBBE17E2-5C21-492E-9787-A8C7511BE8FE}.Debug|Any CPU.Build.0 = Debug|Any CPU
		{BBBE17E2-5C21-492E-9787-A8C7511BE8FE}.Release|Any CPU.ActiveCfg = Release|Any CPU
		{BBBE17E2-5C21-492E-9787-A8C7511BE8FE}.Release|Any CPU.Build.0 = Release|Any CPU
	EndGlobalSection
	GlobalSection(SolutionProperties) = preSolution
		HideSolutionNode = FALSE
	EndGlobalSection
	GlobalSection(ExtensibilityGlobals) = postSolution
		SolutionGuid = {F4BADA58-1A2D-4EFE-BA7A-116417D1C0F2}
	EndGlobalSection
EndGlobal
